// !$*UTF8*$!
{
	archiveVersion = 1;
	classes = {
	};
	objectVersion = 56;
	objects = {

/* Begin PBXBuildFile section */
		A10000010000000000000001 /* SubscriptionTrackerApp.swift in Sources */ = {isa = PBXBuildFile; fileRef = A10000110000000000000001 /* SubscriptionTrackerApp.swift */; };
		A10000010000000000000002 /* BillingPeriod.swift in Sources */ = {isa = PBXBuildFile; fileRef = A10000110000000000000002 /* BillingPeriod.swift */; };
		A10000010000000000000003 /* Subscription.swift in Sources */ = {isa = PBXBuildFile; fileRef = A10000110000000000000003 /* Subscription.swift */; };
		A10000010000000000000004 /* QuickAddService.swift in Sources */ = {isa = PBXBuildFile; fileRef = A10000110000000000000004 /* QuickAddService.swift */; };
		A10000010000000000000005 /* SubscriptionDashboardViewModel.swift in Sources */ = {isa = PBXBuildFile; fileRef = A10000110000000000000005 /* SubscriptionDashboardViewModel.swift */; };
		A10000010000000000000006 /* SubscriptionFormViewModel.swift in Sources */ = {isa = PBXBuildFile; fileRef = A10000110000000000000006 /* SubscriptionFormViewModel.swift */; };
		A10000010000000000000007 /* SubscriptionDetailViewModel.swift in Sources */ = {isa = PBXBuildFile; fileRef = A10000110000000000000007 /* SubscriptionDetailViewModel.swift */; };
		A10000010000000000000008 /* DashboardView.swift in Sources */ = {isa = PBXBuildFile; fileRef = A10000110000000000000008 /* DashboardView.swift */; };
		A10000010000000000000009 /* SubscriptionFormView.swift in Sources */ = {isa = PBXBuildFile; fileRef = A10000110000000000000009 /* SubscriptionFormView.swift */; };
		A1000001000000000000000A /* SubscriptionDetailView.swift in Sources */ = {isa = PBXBuildFile; fileRef = A1000011000000000000000A /* SubscriptionDetailView.swift */; };
		A1000001000000000000000B /* SafariView.swift in Sources */ = {isa = PBXBuildFile; fileRef = A1000011000000000000000B /* SafariView.swift */; };
/* End PBXBuildFile section */

/* Begin PBXFileReference section */
		A10000110000000000000000 /* SubscriptionTracker.app */ = {isa = PBXFileReference; explicitFileType = wrapper.application; includeInIndex = 0; path = SubscriptionTracker.app; sourceTree = BUILT_PRODUCTS_DIR; };
		A10000110000000000000001 /* SubscriptionTrackerApp.swift */ = {isa = PBXFileReference; lastKnownFileType = sourcecode.swift; path = SubscriptionTrackerApp.swift; sourceTree = "<group>"; };
		A10000110000000000000002 /* BillingPeriod.swift */ = {isa = PBXFileReference; lastKnownFileType = sourcecode.swift; path = BillingPeriod.swift; sourceTree = "<group>"; };
		A10000110000000000000003 /* Subscription.swift */ = {isa = PBXFileReference; lastKnownFileType = sourcecode.swift; path = Subscription.swift; sourceTree = "<group>"; };
		A10000110000000000000004 /* QuickAddService.swift */ = {isa = PBXFileReference; lastKnownFileType = sourcecode.swift; path = QuickAddService.swift; sourceTree = "<group>"; };
		A10000110000000000000005 /* SubscriptionDashboardViewModel.swift */ = {isa = PBXFileReference; lastKnownFileType = sourcecode.swift; path = SubscriptionDashboardViewModel.swift; sourceTree = "<group>"; };
		A10000110000000000000006 /* SubscriptionFormViewModel.swift */ = {isa = PBXFileReference; lastKnownFileType = sourcecode.swift; path = SubscriptionFormViewModel.swift; sourceTree = "<group>"; };
		A10000110000000000000007 /* SubscriptionDetailViewModel.swift */ = {isa = PBXFileReference; lastKnownFileType = sourcecode.swift; path = SubscriptionDetailViewModel.swift; sourceTree = "<group>"; };
		A10000110000000000000008 /* DashboardView.swift */ = {isa = PBXFileReference; lastKnownFileType = sourcecode.swift; path = DashboardView.swift; sourceTree = "<group>"; };
		A10000110000000000000009 /* SubscriptionFormView.swift */ = {isa = PBXFileReference; lastKnownFileType = sourcecode.swift; path = SubscriptionFormView.swift; sourceTree = "<group>"; };
		A1000011000000000000000A /* SubscriptionDetailView.swift */ = {isa = PBXFileReference; lastKnownFileType = sourcecode.swift; path = SubscriptionDetailView.swift; sourceTree = "<group>"; };
		A1000011000000000000000B /* SafariView.swift */ = {isa = PBXFileReference; lastKnownFileType = sourcecode.swift; path = SafariView.swift; sourceTree = "<group>"; };
/* End PBXFileReference section */

/* Begin PBXFrameworksBuildPhase section */
		A10000030000000000000001 /* Frameworks */ = {
			isa = PBXFrameworksBuildPhase;
			buildActionMask = 2147483647;
			files = (
			);
			runOnlyForDeploymentPostprocessing = 0;
		};
/* End PBXFrameworksBuildPhase section */

/* Begin PBXGroup section */
		A10000040000000000000001 = {
			isa = PBXGroup;
			children = (
				A10000040000000000000002 /* SubscriptionTracker */,
				A10000040000000000000003 /* Products */,
			);
			sourceTree = "<group>";
		};
		A10000040000000000000002 /* SubscriptionTracker */ = {
			isa = PBXGroup;
			children = (
				A10000110000000000000001 /* SubscriptionTrackerApp.swift */,
				A10000040000000000000004 /* Models */,
				A10000040000000000000005 /* ViewModels */,
				A10000040000000000000006 /* Views */,
			);
			path = SubscriptionTracker;
			sourceTree = "<group>";
		};
		A10000040000000000000003 /* Products */ = {
			isa = PBXGroup;
			children = (
				A10000110000000000000000 /* SubscriptionTracker.app */,
			);
			name = Products;
			sourceTree = "<group>";
		};
		A10000040000000000000004 /* Models */ = {
			isa = PBXGroup;
			children = (
				A10000110000000000000002 /* BillingPeriod.swift */,
				A10000110000000000000003 /* Subscription.swift */,
				A10000110000000000000004 /* QuickAddService.swift */,
			);
			path = Models;
			sourceTree = "<group>";
		};
		A10000040000000000000005 /* ViewModels */ = {
			isa = PBXGroup;
			children = (
				A10000110000000000000005 /* SubscriptionDashboardViewModel.swift */,
				A10000110000000000000006 /* SubscriptionFormViewModel.swift */,
				A10000110000000000000007 /* SubscriptionDetailViewModel.swift */,
			);
			path = ViewModels;
			sourceTree = "<group>";
		};
		A10000040000000000000006 /* Views */ = {
			isa = PBXGroup;
			children = (
				A10000110000000000000008 /* DashboardView.swift */,
				A10000110000000000000009 /* SubscriptionFormView.swift */,
				A1000011000000000000000A /* SubscriptionDetailView.swift */,
				A1000011000000000000000B /* SafariView.swift */,
			);
			path = Views;
			sourceTree = "<group>";
		};
/* End PBXGroup section */

/* Begin PBXNativeTarget section */
		A10000050000000000000001 /* SubscriptionTracker */ = {
			isa = PBXNativeTarget;
			buildConfigurationList = A10000080000000000000001 /* Build configuration list for PBXNativeTarget "SubscriptionTracker" */;
			buildPhases = (
				A10000020000000000000001 /* Sources */,
				A10000030000000000000001 /* Frameworks */,
				A10000060000000000000001 /* Resources */,
			);
			buildRules = (
			);
			dependencies = (
			);
			name = SubscriptionTracker;
			productName = SubscriptionTracker;
			productReference = A10000110000000000000000 /* SubscriptionTracker.app */;
			productType = "com.apple.product-type.application";
		};
/* End PBXNativeTarget section */

/* Begin PBXProject section */
		A10000070000000000000001 /* Project object */ = {
			isa = PBXProject;
			attributes = {
				BuildIndependentTargetsInParallel = 1;
				LastSwiftUpdateCheck = 1600;
				LastUpgradeCheck = 1600;
				TargetAttributes = {
					A10000050000000000000001 = {
						CreatedOnToolsVersion = 16.0;
					};
				};
			};
			buildConfigurationList = A10000080000000000000002 /* Build configuration list for PBXProject "SubscriptionTracker" */;
			compatibilityVersion = "Xcode 14.0";
			developmentRegion = en;
			hasScannedForEncodings = 0;
			knownRegions = (
				en,
				Base,
			);
			mainGroup = A10000040000000000000001;
			productRefGroup = A10000040000000000000003 /* Products */;
			projectDirPath = "";
			projectRoot = "";
			targets = (
				A10000050000000000000001 /* SubscriptionTracker */,
			);
		};
/* End PBXProject section */

/* Begin PBXResourcesBuildPhase section */
		A10000060000000000000001 /* Resources */ = {
			isa = PBXResourcesBuildPhase;
			buildActionMask = 2147483647;
			files = (
			);
			runOnlyForDeploymentPostprocessing = 0;
		};
/* End PBXResourcesBuildPhase section */

/* Begin PBXSourcesBuildPhase section */
		A10000020000000000000001 /* Sources */ = {
			isa = PBXSourcesBuildPhase;
			buildActionMask = 2147483647;
			files = (
				A10000010000000000000001 /* SubscriptionTrackerApp.swift in Sources */,
				A10000010000000000000002 /* BillingPeriod.swift in Sources */,
				A10000010000000000000003 /* Subscription.swift in Sources */,
				A10000010000000000000004 /* QuickAddService.swift in Sources */,
				A10000010000000000000005 /* SubscriptionDashboardViewModel.swift in Sources */,
				A10000010000000000000006 /* SubscriptionFormViewModel.swift in Sources */,
				A10000010000000000000007 /* SubscriptionDetailViewModel.swift in Sources */,
				A10000010000000000000008 /* DashboardView.swift in Sources */,
				A10000010000000000000009 /* SubscriptionFormView.swift in Sources */,
				A1000001000000000000000A /* SubscriptionDetailView.swift in Sources */,
				A1000001000000000000000B /* SafariView.swift in Sources */,
			);
			runOnlyForDeploymentPostprocessing = 0;
		};
/* End PBXSourcesBuildPhase section */

/* Begin XCBuildConfiguration section */
		A10000090000000000000001 /* Debug */ = {
			isa = XCBuildConfiguration;
			buildSettings = {
				ALWAYS_SEARCH_USER_PATHS = NO;
				CLANG_ENABLE_MODULES = YES;
				CLANG_ENABLE_OBJC_ARC = YES;
				COPY_PHASE_STRIP = NO;
				DEBUG_INFORMATION_FORMAT = dwarf;
				ENABLE_STRICT_OBJC_MSGSEND = YES;
				ENABLE_TESTABILITY = YES;
				GCC_C_LANGUAGE_STANDARD = gnu17;
				GCC_DYNAMIC_NO_PIC = NO;
				GCC_NO_COMMON_BLOCKS = YES;
				GCC_OPTIMIZATION_LEVEL = 0;
				GCC_PREPROCESSOR_DEFINITIONS = (
					"DEBUG=1",
					"$(inherited)",
				);
				IPHONEOS_DEPLOYMENT_TARGET = 17.0;
				ONLY_ACTIVE_ARCH = YES;
				SDKROOT = iphoneos;
				SWIFT_ACTIVE_COMPILATION_CONDITIONS = "DEBUG $(inherited)";
				SWIFT_OPTIMIZATION_LEVEL = "-Onone";
			};
			name = Debug;
		};
		A10000090000000000000002 /* Release */ = {
			isa = XCBuildConfiguration;
			buildSettings = {
				ALWAYS_SEARCH_USER_PATHS = NO;
				CLANG_ENABLE_MODULES = YES;
				CLANG_ENABLE_OBJC_ARC = YES;
				COPY_PHASE_STRIP = NO;
				DEBUG_INFORMATION_FORMAT = "dwarf-with-dsym";
				ENABLE_NS_ASSERTIONS = NO;
				ENABLE_STRICT_OBJC_MSGSEND = YES;
				GCC_C_LANGUAGE_STANDARD = gnu17;
				GCC_NO_COMMON_BLOCKS = YES;
				IPHONEOS_DEPLOYMENT_TARGET = 17.0;
				SDKROOT = iphoneos;
				SWIFT_COMPILATION_MODE = wholemodule;
				SWIFT_OPTIMIZATION_LEVEL = "-O";
				VALIDATE_PRODUCT = YES;
			};
			name = Release;
		};
		A10000090000000000000003 /* Debug */ = {
			isa = XCBuildConfiguration;
			buildSettings = {
				CODE_SIGN_STYLE = Automatic;
				CURRENT_PROJECT_VERSION = 1;
				DEVELOPMENT_TEAM = "";
				GENERATE_INFOPLIST_FILE = YES;
				INFOPLIST_KEY_UIApplicationSupportsIndirectInputEvents = YES;
				INFOPLIST_KEY_UILaunchScreen_Generation = YES;
				INFOPLIST_KEY_UISupportedInterfaceOrientations_iPad = "UIInterfaceOrientationPortrait UIInterfaceOrientationPortraitUpsideDown UIInterfaceOrientationLandscapeLeft UIInterfaceOrientationLandscapeRight";
				INFOPLIST_KEY_UISupportedInterfaceOrientations_iPhone = "UIInterfaceOrientationPortrait UIInterfaceOrientationLandscapeLeft UIInterfaceOrientationLandscapeRight";
				LD_RUNPATH_SEARCH_PATHS = (
					"$(inherited)",
					"@executable_path/Frameworks",
				);
				MARKETING_VERSION = 1.0;
				PRODUCT_BUNDLE_IDENTIFIER = com.example.SubscriptionTracker;
				PRODUCT_NAME = "$(TARGET_NAME)";
				SUPPORTED_PLATFORMS = "iphoneos iphonesimulator";
				SWIFT_EMIT_LOC_STRINGS = YES;
				SWIFT_VERSION = 5.0;
				TARGETED_DEVICE_FAMILY = "1,2";
			};
			name = Debug;
		};
		A10000090000000000000004 /* Release */ = {
			isa = XCBuildConfiguration;
			buildSettings = {
				CODE_SIGN_STYLE = Automatic;
				CURRENT_PROJECT_VERSION = 1;
				DEVELOPMENT_TEAM = "";
				GENERATE_INFOPLIST_FILE = YES;
				INFOPLIST_KEY_UIApplicationSupportsIndirectInputEvents = YES;
				INFOPLIST_KEY_UILaunchScreen_Generation = YES;
				INFOPLIST_KEY_UISupportedInterfaceOrientations_iPad = "UIInterfaceOrientationPortrait UIInterfaceOrientationPortraitUpsideDown UIInterfaceOrientationLandscapeLeft UIInterfaceOrientationLandscapeRight";
				INFOPLIST_KEY_UISupportedInterfaceOrientations_iPhone = "UIInterfaceOrientationPortrait UIInterfaceOrientationLandscapeLeft UIInterfaceOrientationLandscapeRight";
				LD_RUNPATH_SEARCH_PATHS = (
					"$(inherited)",
					"@executable_path/Frameworks",
				);
				MARKETING_VERSION = 1.0;
				PRODUCT_BUNDLE_IDENTIFIER = com.example.SubscriptionTracker;
				PRODUCT_NAME = "$(TARGET_NAME)";
				SUPPORTED_PLATFORMS = "iphoneos iphonesimulator";
				SWIFT_EMIT_LOC_STRINGS = YES;
				SWIFT_VERSION = 5.0;
				TARGETED_DEVICE_FAMILY = "1,2";
			};
			name = Release;
		};
/* End XCBuildConfiguration section */

/* Begin XCConfigurationList section */
		A10000080000000000000001 /* Build configuration list for PBXNativeTarget "SubscriptionTracker" */ = {
			isa = XCConfigurationList;
			buildConfigurations = (
				A10000090000000000000003 /* Debug */,
				A10000090000000000000004 /* Release */,
			);
			defaultConfigurationIsVisible = 0;
			defaultConfigurationName = Release;
		};
		A10000080000000000000002 /* Build configuration list for PBXProject "SubscriptionTracker" */ = {
			isa = XCConfigurationList;
			buildConfigurations = (
				A10000090000000000000001 /* Debug */,
				A10000090000000000000002 /* Release */,
			);
			defaultConfigurationIsVisible = 0;
			defaultConfigurationName = Release;
		};
/* End XCConfigurationList section */
	};
	rootObject = A10000070000000000000001 /* Project object */;
}
